
Microsoft Visual Studio Solution File, Format Version 12.00
# Visual Studio Version 16
VisualStudioVersion = 16.0.31321.278
MinimumVisualStudioVersion = 10.0.40219.1
Project("{9A19103F-16F7-4668-BE54-9A1E7A4F7556}") = "ConsoleTest", "ConsoleTest\ConsoleTest.csproj", "{D5CA3B77-E1FB-4BED-AD01-D2CE85278154}"
EndProject
Project("{FAE04EC0-301F-11D3-BF4B-00C04F79EFBC}") = "ConsoleTest.Test", "ConsoleTest.Test\ConsoleTest.Test.csproj", "{9F4A2442-12B0-48A2-87D0-B33B29282625}"
EndProject
Project("{FAE04EC0-301F-11D3-BF4B-00C04F79EFBC}") = "ConsoleTests", "ConsoleTests\ConsoleTests.csproj", "{DCB60904-F787-4545-9945-8AE4F227F125}"
EndProject
Project("{9A19103F-16F7-4668-BE54-9A1E7A4F7556}") = "MinWithMax", "MinWithMax\MinWithMax.csproj", "{BCC4D7BF-A147-487C-9F4B-4FECE4B9554F}"
EndProject
Project("{FAE04EC0-301F-11D3-BF4B-00C04F79EFBC}") = "MinWithMax.Tests", "MinWithMax.Tests\MinWithMax.Tests.csproj", "{F18A7DB5-2ACC-41B8-A536-BC0465E3265A}"
EndProject
Global
	GlobalSection(SolutionConfigurationPlatforms) = preSolution
		Debug|Any CPU = Debug|Any CPU
		Release|Any CPU = Release|Any CPU
	EndGlobalSection
	GlobalSection(ProjectConfigurationPlatforms) = postSolution
		{D5CA3B77-E1FB-4BED-AD01-D2CE85278154}.Debug|Any CPU.ActiveCfg = Debug|Any CPU
		{D5CA3B77-E1FB-4BED-AD01-D2CE85278154}.Debug|Any CPU.Build.0 = Debug|Any CPU
		{D5CA3B77-E1FB-4BED-AD01-D2CE85278154}.Release|Any CPU.ActiveCfg = Release|Any CPU
		{D5CA3B77-E1FB-4BED-AD01-D2CE85278154}.Release|Any CPU.Build.0 = Release|Any CPU
		{9F4A2442-12B0-48A2-87D0-B33B29282625}.Debug|Any CPU.ActiveCfg = Debug|Any CPU
		{9F4A2442-12B0-48A2-87D0-B33B29282625}.Debug|Any CPU.Build.0 = Debug|Any CPU
		{9F4A2442-12B0-48A2-87D0-B33B29282625}.Release|Any CPU.ActiveCfg = Release|Any CPU
		{9F4A2442-12B0-48A2-87D0-B33B29282625}.Release|Any CPU.Build.0 = Release|Any CPU
		{DCB60904-F787-4545-9945-8AE4F227F125}.Debug|Any CPU.ActiveCfg = Debug|Any CPU
		{DCB60904-F787-4545-9945-8AE4F227F125}.Debug|Any CPU.Build.0 = Debug|Any CPU
		{DCB60904-F787-4545-9945-8AE4F227F125}.Release|Any CPU.ActiveCfg = Release|Any CPU
		{DCB60904-F787-4545-9945-8AE4F227F125}.Release|Any CPU.Build.0 = Release|Any CPU
		{BCC4D7BF-A147-487C-9F4B-4FECE4B9554F}.Debug|Any CPU.ActiveCfg = Debug|Any CPU
		{BCC4D7BF-A147-487C-9F4B-4FECE4B9554F}.Debug|Any CPU.Build.0 = Debug|Any CPU
		{BCC4D7BF-A147-487C-9F4B-4FECE4B9554F}.Release|Any CPU.ActiveCfg = Release|Any CPU
		{BCC4D7BF-A147-487C-9F4B-4FECE4B9554F}.Release|Any CPU.Build.0 = Release|Any CPU
		{F18A7DB5-2ACC-41B8-A536-BC0465E3265A}.Debug|Any CPU.ActiveCfg = Debug|Any CPU
		{F18A7DB5-2ACC-41B8-A536-BC0465E3265A}.Debug|Any CPU.Build.0 = Debug|Any CPU
		{F18A7DB5-2ACC-41B8-A536-BC0465E3265A}.Release|Any CPU.ActiveCfg = Release|Any CPU
		{F18A7DB5-2ACC-41B8-A536-BC0465E3265A}.Release|Any CPU.Build.0 = Release|Any CPU
	EndGlobalSection
	GlobalSection(SolutionProperties) = preSolution
		HideSolutionNode = FALSE
	EndGlobalSection
	GlobalSection(ExtensibilityGlobals) = postSolution
		SolutionGuid = {6ABC4F2D-41FD-4367-9034-4460968E3E93}
	EndGlobalSection
EndGlobal
